// !$*UTF8*$!
{
	archiveVersion = 1;
	classes = {
	};
	objectVersion = 55;
	objects = {

/* Begin PBXBuildFile section */
		C1955B572EA12865000D7ECC /* PaginationApp.swift in Sources */ = {isa = PBXBuildFile; fileRef = C1955B562EA12865000D7ECC /* PaginationApp.swift */; };
		C1955B592EA12865000D7ECC /* ContentView.swift in Sources */ = {isa = PBXBuildFile; fileRef = C1955B582EA12865000D7ECC /* ContentView.swift */; };
		C1955B5B2EA12867000D7ECC /* Assets.xcassets in Resources */ = {isa = PBXBuildFile; fileRef = C1955B5A2EA12867000D7ECC /* Assets.xcassets */; };
		C1955B5E2EA12867000D7ECC /* Preview Assets.xcassets in Resources */ = {isa = PBXBuildFile; fileRef = C1955B5D2EA12867000D7ECC /* Preview Assets.xcassets */; };
		C1955B682EA12867000D7ECC /* PaginationTests.swift in Sources */ = {isa = PBXBuildFile; fileRef = C1955B672EA12867000D7ECC /* PaginationTests.swift */; };
		C1955B722EA12867000D7ECC /* PaginationUITests.swift in Sources */ = {isa = PBXBuildFile; fileRef = C1955B712EA12867000D7ECC /* PaginationUITests.swift */; };
		C1955B742EA12867000D7ECC /* PaginationUITestsLaunchTests.swift in Sources */ = {isa = PBXBuildFile; fileRef = C1955B732EA12867000D7ECC /* PaginationUITestsLaunchTests.swift */; };
		C1955B822EA13D2E000D7ECC /* Destination.swift in Sources */ = {isa = PBXBuildFile; fileRef = C1955B812EA13D2E000D7ECC /* Destination.swift */; };
		C1955B842EA13D66000D7ECC /* CarouselView.swift in Sources */ = {isa = PBXBuildFile; fileRef = C1955B832EA13D66000D7ECC /* CarouselView.swift */; };
		C1955B862EA13D90000D7ECC /* VisaCardView.swift in Sources */ = {isa = PBXBuildFile; fileRef = C1955B852EA13D90000D7ECC /* VisaCardView.swift */; };
		C1955B882EA13DB2000D7ECC /* SocialAuthButtonsView.swift in Sources */ = {isa = PBXBuildFile; fileRef = C1955B872EA13DB2000D7ECC /* SocialAuthButtonsView.swift */; };
		C1955B8A2EA13DDA000D7ECC /* AuthButton.swift in Sources */ = {isa = PBXBuildFile; fileRef = C1955B892EA13DDA000D7ECC /* AuthButton.swift */; };
		C1955B8C2EA13E08000D7ECC /* PolicyFooterView.swift in Sources */ = {isa = PBXBuildFile; fileRef = C1955B8B2EA13E08000D7ECC /* PolicyFooterView.swift */; };
/* End PBXBuildFile section */

/* Begin PBXContainerItemProxy section */
		C1955B642EA12867000D7ECC /* PBXContainerItemProxy */ = {
			isa = PBXContainerItemProxy;
			containerPortal = C1955B4B2EA12865000D7ECC /* Project object */;
			proxyType = 1;
			remoteGlobalIDString = C1955B522EA12865000D7ECC;
			remoteInfo = Pagination;
		};
		C1955B6E2EA12867000D7ECC /* PBXContainerItemProxy */ = {
			isa = PBXContainerItemProxy;
			containerPortal = C1955B4B2EA12865000D7ECC /* Project object */;
			proxyType = 1;
			remoteGlobalIDString = C1955B522EA12865000D7ECC;
			remoteInfo = Pagination;
		};
/* End PBXContainerItemProxy section */

/* Begin PBXFileReference section */
		C1955B532EA12865000D7ECC /* Atlys.app */ = {isa = PBXFileReference; explicitFileType = wrapper.application; includeInIndex = 0; path = Atlys.app; sourceTree = BUILT_PRODUCTS_DIR; };
		C1955B562EA12865000D7ECC /* PaginationApp.swift */ = {isa = PBXFileReference; lastKnownFileType = sourcecode.swift; path = PaginationApp.swift; sourceTree = "<group>"; };
		C1955B582EA12865000D7ECC /* ContentView.swift */ = {isa = PBXFileReference; lastKnownFileType = sourcecode.swift; path = ContentView.swift; sourceTree = "<group>"; };
		C1955B5A2EA12867000D7ECC /* Assets.xcassets */ = {isa = PBXFileReference; lastKnownFileType = folder.assetcatalog; path = Assets.xcassets; sourceTree = "<group>"; };
		C1955B5D2EA12867000D7ECC /* Preview Assets.xcassets */ = {isa = PBXFileReference; lastKnownFileType = folder.assetcatalog; path = "Preview Assets.xcassets"; sourceTree = "<group>"; };
		C1955B632EA12867000D7ECC /* PaginationTests.xctest */ = {isa = PBXFileReference; explicitFileType = wrapper.cfbundle; includeInIndex = 0; path = PaginationTests.xctest; sourceTree = BUILT_PRODUCTS_DIR; };
		C1955B672EA12867000D7ECC /* PaginationTests.swift */ = {isa = PBXFileReference; lastKnownFileType = sourcecode.swift; path = PaginationTests.swift; sourceTree = "<group>"; };
		C1955B6D2EA12867000D7ECC /* PaginationUITests.xctest */ = {isa = PBXFileReference; explicitFileType = wrapper.cfbundle; includeInIndex = 0; path = PaginationUITests.xctest; sourceTree = BUILT_PRODUCTS_DIR; };
		C1955B712EA12867000D7ECC /* PaginationUITests.swift */ = {isa = PBXFileReference; lastKnownFileType = sourcecode.swift; path = PaginationUITests.swift; sourceTree = "<group>"; };
		C1955B732EA12867000D7ECC /* PaginationUITestsLaunchTests.swift */ = {isa = PBXFileReference; lastKnownFileType = sourcecode.swift; path = PaginationUITestsLaunchTests.swift; sourceTree = "<group>"; };
		C1955B812EA13D2E000D7ECC /* Destination.swift */ = {isa = PBXFileReference; lastKnownFileType = sourcecode.swift; path = Destination.swift; sourceTree = "<group>"; };
		C1955B832EA13D66000D7ECC /* CarouselView.swift */ = {isa = PBXFileReference; lastKnownFileType = sourcecode.swift; path = CarouselView.swift; sourceTree = "<group>"; };
		C1955B852EA13D90000D7ECC /* VisaCardView.swift */ = {isa = PBXFileReference; lastKnownFileType = sourcecode.swift; path = VisaCardView.swift; sourceTree = "<group>"; };
		C1955B872EA13DB2000D7ECC /* SocialAuthButtonsView.swift */ = {isa = PBXFileReference; lastKnownFileType = sourcecode.swift; path = SocialAuthButtonsView.swift; sourceTree = "<group>"; };
		C1955B892EA13DDA000D7ECC /* AuthButton.swift */ = {isa = PBXFileReference; lastKnownFileType = sourcecode.swift; path = AuthButton.swift; sourceTree = "<group>"; };
		C1955B8B2EA13E08000D7ECC /* PolicyFooterView.swift */ = {isa = PBXFileReference; lastKnownFileType = sourcecode.swift; path = PolicyFooterView.swift; sourceTree = "<group>"; };
/* End PBXFileReference section */

/* Begin PBXFrameworksBuildPhase section */
		C1955B502EA12865000D7ECC /* Frameworks */ = {
			isa = PBXFrameworksBuildPhase;
			buildActionMask = 2147483647;
			files = (
			);
			runOnlyForDeploymentPostprocessing = 0;
		};
		C1955B602EA12867000D7ECC /* Frameworks */ = {
			isa = PBXFrameworksBuildPhase;
			buildActionMask = 2147483647;
			files = (
			);
			runOnlyForDeploymentPostprocessing = 0;
		};
		C1955B6A2EA12867000D7ECC /* Frameworks */ = {
			isa = PBXFrameworksBuildPhase;
			buildActionMask = 2147483647;
			files = (
			);
			runOnlyForDeploymentPostprocessing = 0;
		};
/* End PBXFrameworksBuildPhase section */

/* Begin PBXGroup section */
		C1955B4A2EA12865000D7ECC = {
			isa = PBXGroup;
			children = (
				C1955B552EA12865000D7ECC /* Pagination */,
				C1955B662EA12867000D7ECC /* PaginationTests */,
				C1955B702EA12867000D7ECC /* PaginationUITests */,
				C1955B542EA12865000D7ECC /* Products */,
			);
			sourceTree = "<group>";
		};
		C1955B542EA12865000D7ECC /* Products */ = {
			isa = PBXGroup;
			children = (
				C1955B532EA12865000D7ECC /* Atlys.app */,
				C1955B632EA12867000D7ECC /* PaginationTests.xctest */,
				C1955B6D2EA12867000D7ECC /* PaginationUITests.xctest */,
			);
			name = Products;
			sourceTree = "<group>";
		};
		C1955B552EA12865000D7ECC /* Pagination */ = {
			isa = PBXGroup;
			children = (
				C1955B802EA13D07000D7ECC /* Screens */,
				C1955B5A2EA12867000D7ECC /* Assets.xcassets */,
				C1955B5C2EA12867000D7ECC /* Preview Content */,
			);
			path = Pagination;
			sourceTree = "<group>";
		};
		C1955B5C2EA12867000D7ECC /* Preview Content */ = {
			isa = PBXGroup;
			children = (
				C1955B5D2EA12867000D7ECC /* Preview Assets.xcassets */,
			);
			path = "Preview Content";
			sourceTree = "<group>";
		};
		C1955B662EA12867000D7ECC /* PaginationTests */ = {
			isa = PBXGroup;
			children = (
				C1955B672EA12867000D7ECC /* PaginationTests.swift */,
			);
			path = PaginationTests;
			sourceTree = "<group>";
		};
		C1955B702EA12867000D7ECC /* PaginationUITests */ = {
			isa = PBXGroup;
			children = (
				C1955B712EA12867000D7ECC /* PaginationUITests.swift */,
				C1955B732EA12867000D7ECC /* PaginationUITestsLaunchTests.swift */,
			);
			path = PaginationUITests;
			sourceTree = "<group>";
		};
		C1955B802EA13D07000D7ECC /* Screens */ = {
			isa = PBXGroup;
			children = (
				C1955B582EA12865000D7ECC /* ContentView.swift */,
				C1955B562EA12865000D7ECC /* PaginationApp.swift */,
				C1955B812EA13D2E000D7ECC /* Destination.swift */,
				C1955B832EA13D66000D7ECC /* CarouselView.swift */,
				C1955B852EA13D90000D7ECC /* VisaCardView.swift */,
				C1955B872EA13DB2000D7ECC /* SocialAuthButtonsView.swift */,
				C1955B892EA13DDA000D7ECC /* AuthButton.swift */,
				C1955B8B2EA13E08000D7ECC /* PolicyFooterView.swift */,
			);
			path = Screens;
			sourceTree = "<group>";
		};
/* End PBXGroup section */

/* Begin PBXNativeTarget section */
		C1955B522EA12865000D7ECC /* Pagination */ = {
			isa = PBXNativeTarget;
			buildConfigurationList = C1955B772EA12867000D7ECC /* Build configuration list for PBXNativeTarget "Pagination" */;
			buildPhases = (
				C1955B4F2EA12865000D7ECC /* Sources */,
				C1955B502EA12865000D7ECC /* Frameworks */,
				C1955B512EA12865000D7ECC /* Resources */,
			);
			buildRules = (
			);
			dependencies = (
			);
			name = Pagination;
			productName = Pagination;
			productReference = C1955B532EA12865000D7ECC /* Atlys.app */;
			productType = "com.apple.product-type.application";
		};
		C1955B622EA12867000D7ECC /* PaginationTests */ = {
			isa = PBXNativeTarget;
			buildConfigurationList = C1955B7A2EA12867000D7ECC /* Build configuration list for PBXNativeTarget "PaginationTests" */;
			buildPhases = (
				C1955B5F2EA12867000D7ECC /* Sources */,
				C1955B602EA12867000D7ECC /* Frameworks */,
				C1955B612EA12867000D7ECC /* Resources */,
			);
			buildRules = (
			);
			dependencies = (
				C1955B652EA12867000D7ECC /* PBXTargetDependency */,
			);
			name = PaginationTests;
			productName = PaginationTests;
			productReference = C1955B632EA12867000D7ECC /* PaginationTests.xctest */;
			productType = "com.apple.product-type.bundle.unit-test";
		};
		C1955B6C2EA12867000D7ECC /* PaginationUITests */ = {
			isa = PBXNativeTarget;
			buildConfigurationList = C1955B7D2EA12867000D7ECC /* Build configuration list for PBXNativeTarget "PaginationUITests" */;
			buildPhases = (
				C1955B692EA12867000D7ECC /* Sources */,
				C1955B6A2EA12867000D7ECC /* Frameworks */,
				C1955B6B2EA12867000D7ECC /* Resources */,
			);
			buildRules = (
			);
			dependencies = (
				C1955B6F2EA12867000D7ECC /* PBXTargetDependency */,
			);
			name = PaginationUITests;
			productName = PaginationUITests;
			productReference = C1955B6D2EA12867000D7ECC /* PaginationUITests.xctest */;
			productType = "com.apple.product-type.bundle.ui-testing";
		};
/* End PBXNativeTarget section */

/* Begin PBXProject section */
		C1955B4B2EA12865000D7ECC /* Project object */ = {
			isa = PBXProject;
			attributes = {
				BuildIndependentTargetsInParallel = 1;
				LastSwiftUpdateCheck = 1330;
				LastUpgradeCheck = 1330;
				TargetAttributes = {
					C1955B522EA12865000D7ECC = {
						CreatedOnToolsVersion = 13.3;
					};
					C1955B622EA12867000D7ECC = {
						CreatedOnToolsVersion = 13.3;
						TestTargetID = C1955B522EA12865000D7ECC;
					};
					C1955B6C2EA12867000D7ECC = {
						CreatedOnToolsVersion = 13.3;
						TestTargetID = C1955B522EA12865000D7ECC;
					};
				};
			};
			buildConfigurationList = C1955B4E2EA12865000D7ECC /* Build configuration list for PBXProject "Pagination" */;
			compatibilityVersion = "Xcode 13.0";
			developmentRegion = en;
			hasScannedForEncodings = 0;
			knownRegions = (
				en,
				Base,
			);
			mainGroup = C1955B4A2EA12865000D7ECC;
			productRefGroup = C1955B542EA12865000D7ECC /* Products */;
			projectDirPath = "";
			projectRoot = "";
			targets = (
				C1955B522EA12865000D7ECC /* Pagination */,
				C1955B622EA12867000D7ECC /* PaginationTests */,
				C1955B6C2EA12867000D7ECC /* PaginationUITests */,
			);
		};
/* End PBXProject section */

/* Begin PBXResourcesBuildPhase section */
		C1955B512EA12865000D7ECC /* Resources */ = {
			isa = PBXResourcesBuildPhase;
			buildActionMask = 2147483647;
			files = (
				C1955B5E2EA12867000D7ECC /* Preview Assets.xcassets in Resources */,
				C1955B5B2EA12867000D7ECC /* Assets.xcassets in Resources */,
			);
			runOnlyForDeploymentPostprocessing = 0;
		};
		C1955B612EA12867000D7ECC /* Resources */ = {
			isa = PBXResourcesBuildPhase;
			buildActionMask = 2147483647;
			files = (
			);
			runOnlyForDeploymentPostprocessing = 0;
		};
		C1955B6B2EA12867000D7ECC /* Resources */ = {
			isa = PBXResourcesBuildPhase;
			buildActionMask = 2147483647;
			files = (
			);
			runOnlyForDeploymentPostprocessing = 0;
		};
/* End PBXResourcesBuildPhase section */

/* Begin PBXSourcesBuildPhase section */
		C1955B4F2EA12865000D7ECC /* Sources */ = {
			isa = PBXSourcesBuildPhase;
			buildActionMask = 2147483647;
			files = (
				C1955B862EA13D90000D7ECC /* VisaCardView.swift in Sources */,
				C1955B8A2EA13DDA000D7ECC /* AuthButton.swift in Sources */,
				C1955B882EA13DB2000D7ECC /* SocialAuthButtonsView.swift in Sources */,
				C1955B8C2EA13E08000D7ECC /* PolicyFooterView.swift in Sources */,
				C1955B592EA12865000D7ECC /* ContentView.swift in Sources */,
				C1955B572EA12865000D7ECC /* PaginationApp.swift in Sources */,
				C1955B842EA13D66000D7ECC /* CarouselView.swift in Sources */,
				C1955B822EA13D2E000D7ECC /* Destination.swift in Sources */,
			);
			runOnlyForDeploymentPostprocessing = 0;
		};
		C1955B5F2EA12867000D7ECC /* Sources */ = {
			isa = PBXSourcesBuildPhase;
			buildActionMask = 2147483647;
			files = (
				C1955B682EA12867000D7ECC /* PaginationTests.swift in Sources */,
			);
			runOnlyForDeploymentPostprocessing = 0;
		};
		C1955B692EA12867000D7ECC /* Sources */ = {
			isa = PBXSourcesBuildPhase;
			buildActionMask = 2147483647;
			files = (
				C1955B742EA12867000D7ECC /* PaginationUITestsLaunchTests.swift in Sources */,
				C1955B722EA12867000D7ECC /* PaginationUITests.swift in Sources */,
			);
			runOnlyForDeploymentPostprocessing = 0;
		};
/* End PBXSourcesBuildPhase section */

/* Begin PBXTargetDependency section */
		C1955B652EA12867000D7ECC /* PBXTargetDependency */ = {
			isa = PBXTargetDependency;
			target = C1955B522EA12865000D7ECC /* Pagination */;
			targetProxy = C1955B642EA12867000D7ECC /* PBXContainerItemProxy */;
		};
		C1955B6F2EA12867000D7ECC /* PBXTargetDependency */ = {
			isa = PBXTargetDependency;
			target = C1955B522EA12865000D7ECC /* Pagination */;
			targetProxy = C1955B6E2EA12867000D7ECC /* PBXContainerItemProxy */;
		};
/* End PBXTargetDependency section */

/* Begin XCBuildConfiguration section */
		C1955B752EA12867000D7ECC /* Debug */ = {
			isa = XCBuildConfiguration;
			buildSettings = {
				ALWAYS_SEARCH_USER_PATHS = NO;
				CLANG_ANALYZER_NONNULL = YES;
				CLANG_ANALYZER_NUMBER_OBJECT_CONVERSION = YES_AGGRESSIVE;
				CLANG_CXX_LANGUAGE_STANDARD = "gnu++17";
				CLANG_ENABLE_MODULES = YES;
				CLANG_ENABLE_OBJC_ARC = YES;
				CLANG_ENABLE_OBJC_WEAK = YES;
				CLANG_WARN_BLOCK_CAPTURE_AUTORELEASING = YES;
				CLANG_WARN_BOOL_CONVERSION = YES;
				CLANG_WARN_COMMA = YES;
				CLANG_WARN_CONSTANT_CONVERSION = YES;
				CLANG_WARN_DEPRECATED_OBJC_IMPLEMENTATIONS = YES;
				CLANG_WARN_DIRECT_OBJC_ISA_USAGE = YES_ERROR;
				CLANG_WARN_DOCUMENTATION_COMMENTS = YES;
				CLANG_WARN_EMPTY_BODY = YES;
				CLANG_WARN_ENUM_CONVERSION = YES;
				CLANG_WARN_INFINITE_RECURSION = YES;
				CLANG_WARN_INT_CONVERSION = YES;
				CLANG_WARN_NON_LITERAL_NULL_CONVERSION = YES;
				CLANG_WARN_OBJC_IMPLICIT_RETAIN_SELF = YES;
				CLANG_WARN_OBJC_LITERAL_CONVERSION = YES;
				CLANG_WARN_OBJC_ROOT_CLASS = YES_ERROR;
				CLANG_WARN_QUOTED_INCLUDE_IN_FRAMEWORK_HEADER = YES;
				CLANG_WARN_RANGE_LOOP_ANALYSIS = YES;
				CLANG_WARN_STRICT_PROTOTYPES = YES;
				CLANG_WARN_SUSPICIOUS_MOVE = YES;
				CLANG_WARN_UNGUARDED_AVAILABILITY = YES_AGGRESSIVE;
				CLANG_WARN_UNREACHABLE_CODE = YES;
				CLANG_WARN__DUPLICATE_METHOD_MATCH = YES;
				COPY_PHASE_STRIP = NO;
				DEBUG_INFORMATION_FORMAT = dwarf;
				ENABLE_STRICT_OBJC_MSGSEND = YES;
				ENABLE_TESTABILITY = YES;
				GCC_C_LANGUAGE_STANDARD = gnu11;
				GCC_DYNAMIC_NO_PIC = NO;
				GCC_NO_COMMON_BLOCKS = YES;
				GCC_OPTIMIZATION_LEVEL = 0;
				GCC_PREPROCESSOR_DEFINITIONS = (
					"DEBUG=1",
					"$(inherited)",
				);
				GCC_WARN_64_TO_32_BIT_CONVERSION = YES;
				GCC_WARN_ABOUT_RETURN_TYPE = YES_ERROR;
				GCC_WARN_UNDECLARED_SELECTOR = YES;
				GCC_WARN_UNINITIALIZED_AUTOS = YES_AGGRESSIVE;
				GCC_WARN_UNUSED_FUNCTION = YES;
				GCC_WARN_UNUSED_VARIABLE = YES;
				IPHONEOS_DEPLOYMENT_TARGET = 15.4;
				MTL_ENABLE_DEBUG_INFO = INCLUDE_SOURCE;
				MTL_FAST_MATH = YES;
				ONLY_ACTIVE_ARCH = YES;
				SDKROOT = iphoneos;
				SWIFT_ACTIVE_COMPILATION_CONDITIONS = DEBUG;
				SWIFT_OPTIMIZATION_LEVEL = "-Onone";
			};
			name = Debug;
		};
		C1955B762EA12867000D7ECC /* Release */ = {
			isa = XCBuildConfiguration;
			buildSettings = {
				ALWAYS_SEARCH_USER_PATHS = NO;
				CLANG_ANALYZER_NONNULL = YES;
				CLANG_ANALYZER_NUMBER_OBJECT_CONVERSION = YES_AGGRESSIVE;
				CLANG_CXX_LANGUAGE_STANDARD = "gnu++17";
				CLANG_ENABLE_MODULES = YES;
				CLANG_ENABLE_OBJC_ARC = YES;
				CLANG_ENABLE_OBJC_WEAK = YES;
				CLANG_WARN_BLOCK_CAPTURE_AUTORELEASING = YES;
				CLANG_WARN_BOOL_CONVERSION = YES;
				CLANG_WARN_COMMA = YES;
				CLANG_WARN_CONSTANT_CONVERSION = YES;
				CLANG_WARN_DEPRECATED_OBJC_IMPLEMENTATIONS = YES;
				CLANG_WARN_DIRECT_OBJC_ISA_USAGE = YES_ERROR;
				CLANG_WARN_DOCUMENTATION_COMMENTS = YES;
				CLANG_WARN_EMPTY_BODY = YES;
				CLANG_WARN_ENUM_CONVERSION = YES;
				CLANG_WARN_INFINITE_RECURSION = YES;
				CLANG_WARN_INT_CONVERSION = YES;
				CLANG_WARN_NON_LITERAL_NULL_CONVERSION = YES;
				CLANG_WARN_OBJC_IMPLICIT_RETAIN_SELF = YES;
				CLANG_WARN_OBJC_LITERAL_CONVERSION = YES;
				CLANG_WARN_OBJC_ROOT_CLASS = YES_ERROR;
				CLANG_WARN_QUOTED_INCLUDE_IN_FRAMEWORK_HEADER = YES;
				CLANG_WARN_RANGE_LOOP_ANALYSIS = YES;
				CLANG_WARN_STRICT_PROTOTYPES = YES;
				CLANG_WARN_SUSPICIOUS_MOVE = YES;
				CLANG_WARN_UNGUARDED_AVAILABILITY = YES_AGGRESSIVE;
				CLANG_WARN_UNREACHABLE_CODE = YES;
				CLANG_WARN__DUPLICATE_METHOD_MATCH = YES;
				COPY_PHASE_STRIP = NO;
				DEBUG_INFORMATION_FORMAT = "dwarf-with-dsym";
				ENABLE_NS_ASSERTIONS = NO;
				ENABLE_STRICT_OBJC_MSGSEND = YES;
				GCC_C_LANGUAGE_STANDARD = gnu11;
				GCC_NO_COMMON_BLOCKS = YES;
				GCC_WARN_64_TO_32_BIT_CONVERSION = YES;
				GCC_WARN_ABOUT_RETURN_TYPE = YES_ERROR;
				GCC_WARN_UNDECLARED_SELECTOR = YES;
				GCC_WARN_UNINITIALIZED_AUTOS = YES_AGGRESSIVE;
				GCC_WARN_UNUSED_FUNCTION = YES;
				GCC_WARN_UNUSED_VARIABLE = YES;
				IPHONEOS_DEPLOYMENT_TARGET = 15.4;
				MTL_ENABLE_DEBUG_INFO = NO;
				MTL_FAST_MATH = YES;
				SDKROOT = iphoneos;
				SWIFT_COMPILATION_MODE = wholemodule;
				SWIFT_OPTIMIZATION_LEVEL = "-O";
				VALIDATE_PRODUCT = YES;
			};
			name = Release;
		};
		C1955B782EA12867000D7ECC /* Debug */ = {
			isa = XCBuildConfiguration;
			buildSettings = {
				ASSETCATALOG_COMPILER_APPICON_NAME = AppIcon;
				ASSETCATALOG_COMPILER_GLOBAL_ACCENT_COLOR_NAME = AccentColor;
				CODE_SIGN_STYLE = Automatic;
				CURRENT_PROJECT_VERSION = 1;
				DEVELOPMENT_ASSET_PATHS = "\"Pagination/Preview Content\"";
				ENABLE_PREVIEWS = YES;
				GENERATE_INFOPLIST_FILE = YES;
				INFOPLIST_KEY_UIApplicationSceneManifest_Generation = YES;
				INFOPLIST_KEY_UIApplicationSupportsIndirectInputEvents = YES;
				INFOPLIST_KEY_UILaunchScreen_Generation = YES;
				INFOPLIST_KEY_UISupportedInterfaceOrientations_iPad = "UIInterfaceOrientationPortrait UIInterfaceOrientationPortraitUpsideDown UIInterfaceOrientationLandscapeLeft UIInterfaceOrientationLandscapeRight";
				INFOPLIST_KEY_UISupportedInterfaceOrientations_iPhone = "UIInterfaceOrientationPortrait UIInterfaceOrientationLandscapeLeft UIInterfaceOrientationLandscapeRight";
				LD_RUNPATH_SEARCH_PATHS = (
					"$(inherited)",
					"@executable_path/Frameworks",
				);
				MARKETING_VERSION = 1.0;
				PRODUCT_BUNDLE_IDENTIFIER = com.identifier.Pagination;
				PRODUCT_NAME = Atlys;
				SWIFT_EMIT_LOC_STRINGS = YES;
				SWIFT_VERSION = 5.0;
				TARGETED_DEVICE_FAMILY = "1,2";
			};
			name = Debug;
		};
		C1955B792EA12867000D7ECC /* Release */ = {
			isa = XCBuildConfiguration;
			buildSettings = {
				ASSETCATALOG_COMPILER_APPICON_NAME = AppIcon;
				ASSETCATALOG_COMPILER_GLOBAL_ACCENT_COLOR_NAME = AccentColor;
				CODE_SIGN_STYLE = Automatic;
				CURRENT_PROJECT_VERSION = 1;
				DEVELOPMENT_ASSET_PATHS = "\"Pagination/Preview Content\"";
				ENABLE_PREVIEWS = YES;
				GENERATE_INFOPLIST_FILE = YES;
				INFOPLIST_KEY_UIApplicationSceneManifest_Generation = YES;
				INFOPLIST_KEY_UIApplicationSupportsIndirectInputEvents = YES;
				INFOPLIST_KEY_UILaunchScreen_Generation = YES;
				INFOPLIST_KEY_UISupportedInterfaceOrientations_iPad = "UIInterfaceOrientationPortrait UIInterfaceOrientationPortraitUpsideDown UIInterfaceOrientationLandscapeLeft UIInterfaceOrientationLandscapeRight";
				INFOPLIST_KEY_UISupportedInterfaceOrientations_iPhone = "UIInterfaceOrientationPortrait UIInterfaceOrientationLandscapeLeft UIInterfaceOrientationLandscapeRight";
				LD_RUNPATH_SEARCH_PATHS = (
					"$(inherited)",
					"@executable_path/Frameworks",
				);
				MARKETING_VERSION = 1.0;
				PRODUCT_BUNDLE_IDENTIFIER = com.identifier.Pagination;
				PRODUCT_NAME = Atlys;
				SWIFT_EMIT_LOC_STRINGS = YES;
				SWIFT_VERSION = 5.0;
				TARGETED_DEVICE_FAMILY = "1,2";
			};
			name = Release;
		};
		C1955B7B2EA12867000D7ECC /* Debug */ = {
			isa = XCBuildConfiguration;
			buildSettings = {
				ALWAYS_EMBED_SWIFT_STANDARD_LIBRARIES = YES;
				BUNDLE_LOADER = "$(TEST_HOST)";
				CODE_SIGN_STYLE = Automatic;
				CURRENT_PROJECT_VERSION = 1;
				GENERATE_INFOPLIST_FILE = YES;
				IPHONEOS_DEPLOYMENT_TARGET = 15.4;
				MARKETING_VERSION = 1.0;
				PRODUCT_BUNDLE_IDENTIFIER = com.identifier.PaginationTests;
				PRODUCT_NAME = "$(TARGET_NAME)";
				SWIFT_EMIT_LOC_STRINGS = NO;
				SWIFT_VERSION = 5.0;
				TARGETED_DEVICE_FAMILY = "1,2";
				TEST_HOST = "$(BUILT_PRODUCTS_DIR)/Pagination.app/Pagination";
			};
			name = Debug;
		};
		C1955B7C2EA12867000D7ECC /* Release */ = {
			isa = XCBuildConfiguration;
			buildSettings = {
				ALWAYS_EMBED_SWIFT_STANDARD_LIBRARIES = YES;
				BUNDLE_LOADER = "$(TEST_HOST)";
				CODE_SIGN_STYLE = Automatic;
				CURRENT_PROJECT_VERSION = 1;
				GENERATE_INFOPLIST_FILE = YES;
				IPHONEOS_DEPLOYMENT_TARGET = 15.4;
				MARKETING_VERSION = 1.0;
				PRODUCT_BUNDLE_IDENTIFIER = com.identifier.PaginationTests;
				PRODUCT_NAME = "$(TARGET_NAME)";
				SWIFT_EMIT_LOC_STRINGS = NO;
				SWIFT_VERSION = 5.0;
				TARGETED_DEVICE_FAMILY = "1,2";
				TEST_HOST = "$(BUILT_PRODUCTS_DIR)/Pagination.app/Pagination";
			};
			name = Release;
		};
		C1955B7E2EA12867000D7ECC /* Debug */ = {
			isa = XCBuildConfiguration;
			buildSettings = {
				ALWAYS_EMBED_SWIFT_STANDARD_LIBRARIES = YES;
				CODE_SIGN_STYLE = Automatic;
				CURRENT_PROJECT_VERSION = 1;
				GENERATE_INFOPLIST_FILE = YES;
				MARKETING_VERSION = 1.0;
				PRODUCT_BUNDLE_IDENTIFIER = com.identifier.PaginationUITests;
				PRODUCT_NAME = "$(TARGET_NAME)";
				SWIFT_EMIT_LOC_STRINGS = NO;
				SWIFT_VERSION = 5.0;
				TARGETED_DEVICE_FAMILY = "1,2";
				TEST_TARGET_NAME = Pagination;
			};
			name = Debug;
		};
		C1955B7F2EA12867000D7ECC /* Release */ = {
			isa = XCBuildConfiguration;
			buildSettings = {
				ALWAYS_EMBED_SWIFT_STANDARD_LIBRARIES = YES;
				CODE_SIGN_STYLE = Automatic;
				CURRENT_PROJECT_VERSION = 1;
				GENERATE_INFOPLIST_FILE = YES;
				MARKETING_VERSION = 1.0;
				PRODUCT_BUNDLE_IDENTIFIER = com.identifier.PaginationUITests;
				PRODUCT_NAME = "$(TARGET_NAME)";
				SWIFT_EMIT_LOC_STRINGS = NO;
				SWIFT_VERSION = 5.0;
				TARGETED_DEVICE_FAMILY = "1,2";
				TEST_TARGET_NAME = Pagination;
			};
			name = Release;
		};
/* End XCBuildConfiguration section */

/* Begin XCConfigurationList section */
		C1955B4E2EA12865000D7ECC /* Build configuration list for PBXProject "Pagination" */ = {
			isa = XCConfigurationList;
			buildConfigurations = (
				C1955B752EA12867000D7ECC /* Debug */,
				C1955B762EA12867000D7ECC /* Release */,
			);
			defaultConfigurationIsVisible = 0;
			defaultConfigurationName = Release;
		};
		C1955B772EA12867000D7ECC /* Build configuration list for PBXNativeTarget "Pagination" */ = {
			isa = XCConfigurationList;
			buildConfigurations = (
				C1955B782EA12867000D7ECC /* Debug */,
				C1955B792EA12867000D7ECC /* Release */,
			);
			defaultConfigurationIsVisible = 0;
			defaultConfigurationName = Release;
		};
		C1955B7A2EA12867000D7ECC /* Build configuration list for PBXNativeTarget "PaginationTests" */ = {
			isa = XCConfigurationList;
			buildConfigurations = (
				C1955B7B2EA12867000D7ECC /* Debug */,
				C1955B7C2EA12867000D7ECC /* Release */,
			);
			defaultConfigurationIsVisible = 0;
			defaultConfigurationName = Release;
		};
		C1955B7D2EA12867000D7ECC /* Build configuration list for PBXNativeTarget "PaginationUITests" */ = {
			isa = XCConfigurationList;
			buildConfigurations = (
				C1955B7E2EA12867000D7ECC /* Debug */,
				C1955B7F2EA12867000D7ECC /* Release */,
			);
			defaultConfigurationIsVisible = 0;
			defaultConfigurationName = Release;
		};
/* End XCConfigurationList section */
	};
	rootObject = C1955B4B2EA12865000D7ECC /* Project object */;
}
